
Microsoft Visual Studio Solution File, Format Version 12.00
# Visual Studio Version 17
VisualStudioVersion = 17.3.32901.215
MinimumVisualStudioVersion = 10.0.40219.1
Project("{2150E333-8FDC-42A3-9474-1A3956D46DE8}") = "Logs", "Logs", "{0FD296B8-DB98-4483-9E6E-70FD65584849}"
EndProject
Project("{8BC9CEB8-8B4A-11D0-8D11-00A0C91BC942}") = "SSDTDumper", "SSDTDumper\SSDTDumper.vcxproj", "{C1D958E9-C1FA-4D2B-AB65-CFAF8D9A2233}"
EndProject
Project("{2150E333-8FDC-42A3-9474-1A3956D46DE8}") = "SSDTDumper", "SSDTDumper", "{DBBBF76E-8768-442F-B32D-379F4E094E11}"
	ProjectSection(SolutionItems) = preProject
		Logs\SSDTDumper\10.0.10240.16384.log = Logs\SSDTDumper\10.0.10240.16384.log
		Logs\SSDTDumper\10.0.10586.0 1511.log = Logs\SSDTDumper\10.0.10586.0 1511.log
		Logs\SSDTDumper\10.0.14393.0 1607.log = Logs\SSDTDumper\10.0.14393.0 1607.log
		Logs\SSDTDumper\10.0.15063.0 1703.log = Logs\SSDTDumper\10.0.15063.0 1703.log
		Logs\SSDTDumper\10.0.16299.15 1709.log = Logs\SSDTDumper\10.0.16299.15 1709.log
		Logs\SSDTDumper\10.0.17134.1 1803.log = Logs\SSDTDumper\10.0.17134.1 1803.log
		Logs\SSDTDumper\10.0.17763.1158 1809.log = Logs\SSDTDumper\10.0.17763.1158 1809.log
		Logs\SSDTDumper\10.0.18362.175 1903.log = Logs\SSDTDumper\10.0.18362.175 1903.log
		Logs\SSDTDumper\10.0.18363.592 1909.log = Logs\SSDTDumper\10.0.18363.592 1909.log
		Logs\SSDTDumper\10.0.19041.421 2004.log = Logs\SSDTDumper\10.0.19041.421 2004.log
		Logs\SSDTDumper\10.0.19042.782 20H2.log = Logs\SSDTDumper\10.0.19042.782 20H2.log
		Logs\SSDTDumper\10.0.19043.1055 21H1.log = Logs\SSDTDumper\10.0.19043.1055 21H1.log
		Logs\SSDTDumper\10.0.19044.1889 21H2.log = Logs\SSDTDumper\10.0.19044.1889 21H2.log
		Logs\SSDTDumper\10.0.22000.376 21H2.log = Logs\SSDTDumper\10.0.22000.376 21H2.log
		Logs\SSDTDumper\10.0.22621.382 22H2.log = Logs\SSDTDumper\10.0.22621.382 22H2.log
		Logs\SSDTDumper\10.0.22621.674 22H2.log = Logs\SSDTDumper\10.0.22621.674 22H2.log
		Logs\SSDTDumper\10.0.22621.675 22H2.log = Logs\SSDTDumper\10.0.22621.675 22H2.log
		Logs\SSDTDumper\6.1.7601.log = Logs\SSDTDumper\6.1.7601.log
		Logs\SSDTDumper\6.2.9200.log = Logs\SSDTDumper\6.2.9200.log
		Logs\SSDTDumper\6.3.9600.log = Logs\SSDTDumper\6.3.9600.log
	EndProjectSection
EndProject
Global
	GlobalSection(SolutionConfigurationPlatforms) = preSolution
		Release|x64 = Release|x64
	EndGlobalSection
	GlobalSection(ProjectConfigurationPlatforms) = postSolution
		{C1D958E9-C1FA-4D2B-AB65-CFAF8D9A2233}.Release|x64.ActiveCfg = Release|x64
		{C1D958E9-C1FA-4D2B-AB65-CFAF8D9A2233}.Release|x64.Build.0 = Release|x64
	EndGlobalSection
	GlobalSection(SolutionProperties) = preSolution
		HideSolutionNode = FALSE
	EndGlobalSection
	GlobalSection(NestedProjects) = preSolution
		{DBBBF76E-8768-442F-B32D-379F4E094E11} = {0FD296B8-DB98-4483-9E6E-70FD65584849}
	EndGlobalSection
	GlobalSection(ExtensibilityGlobals) = postSolution
		SolutionGuid = {FC106F2A-1516-4F0B-ABC5-01FFC8940377}
	EndGlobalSection
EndGlobal
